# This file is automatically @generated by Cargo.
# It is not intended for manual editing.
version = 4

[[package]]
name = "clock"
version = "0.1.0"
dependencies = [
 "pi-runtime",
]

[[package]]
name = "fib"
version = "0.1.0"
dependencies = [
 "pi-runtime",
]

[[package]]
name = "pi-runtime"
version = "0.1.0"

[[package]]
name = "shell"
version = "0.1.0"
dependencies = [
 "pi-runtime",
]

[[package]]
name = "smp"
version = "0.1.0"
dependencies = [
 "pi-runtime",
]

[[package]]
name = "sum"
version = "0.1.0"
dependencies = [
 "pi-runtime",
]
