# This file is automatically @generated by Cargo.
# It is not intended for manual editing.
version = 4

[[package]]
name = "clock"
version = "0.1.0"
dependencies = [
 "pi-runtime",
]

[[package]]
name = "dma"
version = "0.1.0"
dependencies = [
 "pi-runtime",
]

[[package]]
name = "fb"
version = "0.1.0"
dependencies = [
 "pi-runtime",
]

[[package]]
name = "fib"
version = "0.1.0"
dependencies = [
 "pi-runtime",
]

[[package]]
name = "gpio"
version = "0.1.0"
dependencies = [
 "pi-runtime",
]

[[package]]
name = "i2c"
version = "0.1.0"
dependencies = [
 "pi-runtime",
]

[[package]]
name = "irq"
version = "0.1.0"
dependencies = [
 "pi-runtime",
]

[[package]]
name = "irqcore"
version = "0.1.0"

[[package]]
name = "mmu"
version = "0.1.0"
dependencies = [
 "pi-runtime",
]

[[package]]
name = "pi-runtime"
version = "0.1.0"

[[package]]
name = "pwm"
version = "0.1.0"
dependencies = [
 "pi-runtime",
]

[[package]]
name = "sd"
version = "0.1.0"
dependencies = [
 "pi-runtime",
]

[[package]]
name = "shell"
version = "0.1.0"
dependencies = [
 "pi-runtime",
]

[[package]]
name = "smp"
version = "0.1.0"
dependencies = [
 "pi-runtime",
]

[[package]]
name = "spi"
version = "0.1.0"
dependencies = [
 "pi-runtime",
]

[[package]]
name = "sum"
version = "0.1.0"
dependencies = [
 "pi-runtime",
]

[[package]]
name = "uart0"
version = "0.1.0"
dependencies = [
 "pi-runtime",
]

[[package]]
name = "uart1"
version = "0.1.0"
dependencies = [
 "pi-runtime",
]
